{
	"name": "module-1",
	"version": "0.0.1",
	"lockfileVersion": 1,
	"requires": true,
	"dependencies": {
		"@babel/helper-validator-identifier": {
			"version": "7.15.7",
			"resolved": "https://registry.nlark.com/@babel/helper-validator-identifier/download/@babel/helper-validator-identifier-7.15.7.tgz?cache=0&sync_timestamp=1631920110587&other_urls=https%3A%2F%2Fregistry.nlark.com%2F%40babel%2Fhelper-validator-identifier%2Fdownload%2F%40babel%2Fhelper-validator-identifier-7.15.7.tgz",
			"integrity": "sha1-Ig35k7/pBKSmsCq08zhaXr9uI4k="
		},
		"@babel/parser": {
			"version": "7.15.7",
			"resolved": "https://registry.nlark.com/@babel/parser/download/@babel/parser-7.15.7.tgz?cache=0&sync_timestamp=1631921300140&other_urls=https%3A%2F%2Fregistry.nlark.com%2F%40babel%2Fparser%2Fdownload%2F%40babel%2Fparser-7.15.7.tgz",
			"integrity": "sha1-DD7UousHsWXfqFs8xFxyczTE7a4="
		},
		"@babel/types": {
			"version": "7.15.6",
			"resolved": "https://registry.nlark.com/@babel/types/download/@babel/types-7.15.6.tgz?cache=0&sync_timestamp=1631216657849&other_urls=https%3A%2F%2Fregistry.nlark.com%2F%40babel%2Ftypes%2Fdownload%2F%40babel%2Ftypes-7.15.6.tgz",
			"integrity": "sha1-mavcSCGLKIHAWN0KerBbmcm+dY8=",
			"requires": {
				"@babel/helper-validator-identifier": "^7.14.9",
				"to-fast-properties": "^2.0.0"
			}
		},
		"@vue/compiler-core": {
			"version": "3.1.4",
			"resolved": "https://registry.npmmirror.com/@vue/compiler-core/download/@vue/compiler-core-3.1.4.tgz",
			"integrity": "sha1-o6dM9S6PAa84bTZKyKCZy+smBCQ=",
			"requires": {
				"@babel/parser": "^7.12.0",
				"@babel/types": "^7.12.0",
				"@vue/shared": "3.1.4",
				"estree-walker": "^2.0.1",
				"source-map": "^0.6.1"
			}
		},
		"@vue/compiler-dom": {
			"version": "3.1.4",
			"resolved": "https://registry.npmmirror.com/@vue/compiler-dom/download/@vue/compiler-dom-3.1.4.tgz",
			"integrity": "sha1-vzeV4USfMsll04xOptgIygX9/Jc=",
			"requires": {
				"@vue/compiler-core": "3.1.4",
				"@vue/shared": "3.1.4"
			}
		},
		"@vue/compiler-sfc": {
			"version": "3.2.14",
			"resolved": "https://registry.npmmirror.com/@vue/compiler-sfc/download/@vue/compiler-sfc-3.2.14.tgz",
			"integrity": "sha1-9I7v6MM1AtWGHMG7/l/Svw5n0tI=",
			"requires": {
				"@babel/parser": "^7.15.0",
				"@vue/compiler-core": "3.2.14",
				"@vue/compiler-dom": "3.2.14",
				"@vue/compiler-ssr": "3.2.14",
				"@vue/ref-transform": "3.2.14",
				"@vue/shared": "3.2.14",
				"estree-walker": "^2.0.2",
				"magic-string": "^0.25.7",
				"postcss": "^8.1.10",
				"source-map": "^0.6.1"
			},
			"dependencies": {
				"@vue/compiler-core": {
					"version": "3.2.14",
					"resolved": "https://registry.npmmirror.com/@vue/compiler-core/download/@vue/compiler-core-3.2.14.tgz",
					"integrity": "sha1-CTv1cu4qbH7es6FbEwG5EDde5Pw=",
					"requires": {
						"@babel/parser": "^7.15.0",
						"@vue/shared": "3.2.14",
						"estree-walker": "^2.0.2",
						"source-map": "^0.6.1"
					}
				},
				"@vue/compiler-dom": {
					"version": "3.2.14",
					"resolved": "https://registry.npmmirror.com/@vue/compiler-dom/download/@vue/compiler-dom-3.2.14.tgz",
					"integrity": "sha1-rN2rrpRwTfVDRI4qwx/kdqcNgwc=",
					"requires": {
						"@vue/compiler-core": "3.2.14",
						"@vue/shared": "3.2.14"
					}
				},
				"@vue/shared": {
					"version": "3.2.14",
					"resolved": "https://registry.npmmirror.com/@vue/shared/download/@vue/shared-3.2.14.tgz",
					"integrity": "sha1-m4ggmKAEuZUSS3V3s1cTWmbZIu8="
				}
			}
		},
		"@vue/compiler-ssr": {
			"version": "3.2.14",
			"resolved": "https://registry.npmmirror.com/@vue/compiler-ssr/download/@vue/compiler-ssr-3.2.14.tgz",
			"integrity": "sha1-dSBMEHldYd0/9FsPmbqXs9hMrhE=",
			"requires": {
				"@vue/compiler-dom": "3.2.14",
				"@vue/shared": "3.2.14"
			},
			"dependencies": {
				"@vue/compiler-core": {
					"version": "3.2.14",
					"resolved": "https://registry.npmmirror.com/@vue/compiler-core/download/@vue/compiler-core-3.2.14.tgz",
					"integrity": "sha1-CTv1cu4qbH7es6FbEwG5EDde5Pw=",
					"requires": {
						"@babel/parser": "^7.15.0",
						"@vue/shared": "3.2.14",
						"estree-walker": "^2.0.2",
						"source-map": "^0.6.1"
					}
				},
				"@vue/compiler-dom": {
					"version": "3.2.14",
					"resolved": "https://registry.npmmirror.com/@vue/compiler-dom/download/@vue/compiler-dom-3.2.14.tgz",
					"integrity": "sha1-rN2rrpRwTfVDRI4qwx/kdqcNgwc=",
					"requires": {
						"@vue/compiler-core": "3.2.14",
						"@vue/shared": "3.2.14"
					}
				},
				"@vue/shared": {
					"version": "3.2.14",
					"resolved": "https://registry.npmmirror.com/@vue/shared/download/@vue/shared-3.2.14.tgz",
					"integrity": "sha1-m4ggmKAEuZUSS3V3s1cTWmbZIu8="
				}
			}
		},
		"@vue/reactivity": {
			"version": "3.1.4",
			"resolved": "https://registry.npmmirror.com/@vue/reactivity/download/@vue/reactivity-3.1.4.tgz",
			"integrity": "sha1-2SbtRvsNSFgsz4ZlsGLTe101upk=",
			"requires": {
				"@vue/shared": "3.1.4"
			}
		},
		"@vue/ref-transform": {
			"version": "3.2.14",
			"resolved": "https://registry.npmmirror.com/@vue/ref-transform/download/@vue/ref-transform-3.2.14.tgz",
			"integrity": "sha1-qnPLmasI1PyAjrpjO5wC2VTNoxo=",
			"requires": {
				"@babel/parser": "^7.15.0",
				"@vue/compiler-core": "3.2.14",
				"@vue/shared": "3.2.14",
				"estree-walker": "^2.0.2",
				"magic-string": "^0.25.7"
			},
			"dependencies": {
				"@vue/compiler-core": {
					"version": "3.2.14",
					"resolved": "https://registry.npmmirror.com/@vue/compiler-core/download/@vue/compiler-core-3.2.14.tgz",
					"integrity": "sha1-CTv1cu4qbH7es6FbEwG5EDde5Pw=",
					"requires": {
						"@babel/parser": "^7.15.0",
						"@vue/shared": "3.2.14",
						"estree-walker": "^2.0.2",
						"source-map": "^0.6.1"
					}
				},
				"@vue/shared": {
					"version": "3.2.14",
					"resolved": "https://registry.npmmirror.com/@vue/shared/download/@vue/shared-3.2.14.tgz",
					"integrity": "sha1-m4ggmKAEuZUSS3V3s1cTWmbZIu8="
				}
			}
		},
		"@vue/runtime-core": {
			"version": "3.1.4",
			"resolved": "https://registry.npmmirror.com/@vue/runtime-core/download/@vue/runtime-core-3.1.4.tgz",
			"integrity": "sha1-PjCubsv/8G31rclBRJEUMZGjdbo=",
			"requires": {
				"@vue/reactivity": "3.1.4",
				"@vue/shared": "3.1.4"
			}
		},
		"@vue/runtime-dom": {
			"version": "3.1.4",
			"resolved": "https://registry.npmmirror.com/@vue/runtime-dom/download/@vue/runtime-dom-3.1.4.tgz",
			"integrity": "sha1-rP7uIA1cRfwsvfcFjNoUmPm0WEk=",
			"requires": {
				"@vue/runtime-core": "3.1.4",
				"@vue/shared": "3.1.4",
				"csstype": "^2.6.8"
			}
		},
		"@vue/server-renderer": {
			"version": "3.2.14",
			"resolved": "https://registry.npmmirror.com/@vue/server-renderer/download/@vue/server-renderer-3.2.14.tgz",
			"integrity": "sha1-cxz32WZuesbVbYxHanbdJgvw0rQ=",
			"requires": {
				"@vue/compiler-ssr": "3.2.14",
				"@vue/shared": "3.2.14"
			},
			"dependencies": {
				"@vue/shared": {
					"version": "3.2.14",
					"resolved": "https://registry.npmmirror.com/@vue/shared/download/@vue/shared-3.2.14.tgz",
					"integrity": "sha1-m4ggmKAEuZUSS3V3s1cTWmbZIu8="
				}
			}
		},
		"@vue/shared": {
			"version": "3.1.4",
			"resolved": "https://registry.npmmirror.com/@vue/shared/download/@vue/shared-3.1.4.tgz",
			"integrity": "sha1-wUxGHsQuosFVbob2CwNUNB2RrcM="
		},
		"csstype": {
			"version": "2.6.18",
			"resolved": "https://registry.nlark.com/csstype/download/csstype-2.6.18.tgz?cache=0&sync_timestamp=1631540708034&other_urls=https%3A%2F%2Fregistry.nlark.com%2Fcsstype%2Fdownload%2Fcsstype-2.6.18.tgz",
			"integrity": "sha1-mAqLUwhfNK8xNBCvBk8r0kF4Qhg="
		},
		"estree-walker": {
			"version": "2.0.2",
			"resolved": "https://registry.npm.taobao.org/estree-walker/download/estree-walker-2.0.2.tgz?cache=0&sync_timestamp=1611956983677&other_urls=https%3A%2F%2Fregistry.npm.taobao.org%2Festree-walker%2Fdownload%2Festree-walker-2.0.2.tgz",
			"integrity": "sha1-UvAQF4wqTBF6d1fP6UKtt9LaTKw="
		},
		"jiang-vui": {
			"version": "2.0.0",
			"resolved": "https://registry.npmmirror.com/jiang-vui/download/jiang-vui-2.0.0.tgz",
			"integrity": "sha1-22Mr82lvyz7ll/KOUtdh2TAnU3E=",
			"requires": {
				"vue": "3.1.4"
			},
			"dependencies": {
				"vue": {
					"version": "3.1.4",
					"resolved": "https://registry.npmmirror.com/vue/download/vue-3.1.4.tgz",
					"integrity": "sha1-Eg1oGMUeqjXQh55bwc/2ATW8af0=",
					"requires": {
						"@vue/compiler-dom": "3.1.4",
						"@vue/runtime-dom": "3.1.4",
						"@vue/shared": "3.1.4"
					}
				}
			}
		},
		"magic-string": {
			"version": "0.25.7",
			"resolved": "https://registry.npm.taobao.org/magic-string/download/magic-string-0.25.7.tgz",
			"integrity": "sha1-P0l9b9NMZpxnmNy4IfLvMfVEUFE=",
			"requires": {
				"sourcemap-codec": "^1.4.4"
			}
		},
		"nanocolors": {
			"version": "0.1.12",
			"resolved": "https://registry.npmmirror.com/nanocolors/download/nanocolors-0.1.12.tgz?cache=0&sync_timestamp=1632383455149&other_urls=https%3A%2F%2Fregistry.npmmirror.com%2Fnanocolors%2Fdownload%2Fnanocolors-0.1.12.tgz",
			"integrity": "sha1-hXdILFjL17W7FoHbTPSPEah/1fY="
		},
		"nanoid": {
			"version": "3.1.25",
			"resolved": "https://registry.nlark.com/nanoid/download/nanoid-3.1.25.tgz",
			"integrity": "sha1-CcoydHwOVD8OGBS303k0d/nI4VI="
		},
		"postcss": {
			"version": "8.3.7",
			"resolved": "https://registry.nlark.com/postcss/download/postcss-8.3.7.tgz?cache=0&sync_timestamp=1632290159332&other_urls=https%3A%2F%2Fregistry.nlark.com%2Fpostcss%2Fdownload%2Fpostcss-8.3.7.tgz",
			"integrity": "sha1-7IhWNYjI2o5Y5yJvdjO1GuIh7to=",
			"requires": {
				"nanocolors": "^0.1.5",
				"nanoid": "^3.1.25",
				"source-map-js": "^0.6.2"
			}
		},
		"source-map": {
			"version": "0.6.1",
			"resolved": "https://registry.nlark.com/source-map/download/source-map-0.6.1.tgz",
			"integrity": "sha1-dHIq8y6WFOnCh6jQu95IteLxomM="
		},
		"source-map-js": {
			"version": "0.6.2",
			"resolved": "https://registry.nlark.com/source-map-js/download/source-map-js-0.6.2.tgz",
			"integrity": "sha1-C7XeYxtBz72mz7qL0FqA79/SOF4="
		},
		"sourcemap-codec": {
			"version": "1.4.8",
			"resolved": "https://registry.nlark.com/sourcemap-codec/download/sourcemap-codec-1.4.8.tgz",
			"integrity": "sha1-6oBL2UhXQC5pktBaOO8a41qatMQ="
		},
		"to-fast-properties": {
			"version": "2.0.0",
			"resolved": "https://registry.nlark.com/to-fast-properties/download/to-fast-properties-2.0.0.tgz?cache=0&sync_timestamp=1628418855671&other_urls=https%3A%2F%2Fregistry.nlark.com%2Fto-fast-properties%2Fdownload%2Fto-fast-properties-2.0.0.tgz",
			"integrity": "sha1-3F5pjL0HkmW8c+A3doGk5Og/YW4="
		},
		"vue": {
			"version": "3.2.14",
			"resolved": "https://registry.npmmirror.com/vue/download/vue-3.2.14.tgz",
			"integrity": "sha1-2ld0M/t08yjtWCVccopqG/GW0zc=",
			"requires": {
				"@vue/compiler-dom": "3.2.14",
				"@vue/compiler-sfc": "3.2.14",
				"@vue/runtime-dom": "3.2.14",
				"@vue/server-renderer": "3.2.14",
				"@vue/shared": "3.2.14"
			},
			"dependencies": {
				"@vue/compiler-core": {
					"version": "3.2.14",
					"resolved": "https://registry.npmmirror.com/@vue/compiler-core/download/@vue/compiler-core-3.2.14.tgz",
					"integrity": "sha1-CTv1cu4qbH7es6FbEwG5EDde5Pw=",
					"requires": {
						"@babel/parser": "^7.15.0",
						"@vue/shared": "3.2.14",
						"estree-walker": "^2.0.2",
						"source-map": "^0.6.1"
					}
				},
				"@vue/compiler-dom": {
					"version": "3.2.14",
					"resolved": "https://registry.npmmirror.com/@vue/compiler-dom/download/@vue/compiler-dom-3.2.14.tgz",
					"integrity": "sha1-rN2rrpRwTfVDRI4qwx/kdqcNgwc=",
					"requires": {
						"@vue/compiler-core": "3.2.14",
						"@vue/shared": "3.2.14"
					}
				},
				"@vue/reactivity": {
					"version": "3.2.14",
					"resolved": "https://registry.npmmirror.com/@vue/reactivity/download/@vue/reactivity-3.2.14.tgz",
					"integrity": "sha1-XLFSCe6TE8tQ7Zsg/dEI6iqQT3c=",
					"requires": {
						"@vue/shared": "3.2.14"
					}
				},
				"@vue/runtime-core": {
					"version": "3.2.14",
					"resolved": "https://registry.npmmirror.com/@vue/runtime-core/download/@vue/runtime-core-3.2.14.tgz",
					"integrity": "sha1-jbnWrWaCzVqrDMRlaoqcU+8uLHo=",
					"requires": {
						"@vue/reactivity": "3.2.14",
						"@vue/shared": "3.2.14"
					}
				},
				"@vue/runtime-dom": {
					"version": "3.2.14",
					"resolved": "https://registry.npmmirror.com/@vue/runtime-dom/download/@vue/runtime-dom-3.2.14.tgz",
					"integrity": "sha1-yg2WL8ud7DfIkEUzoyRv3FDsrmY=",
					"requires": {
						"@vue/runtime-core": "3.2.14",
						"@vue/shared": "3.2.14",
						"csstype": "^2.6.8"
					}
				},
				"@vue/shared": {
					"version": "3.2.14",
					"resolved": "https://registry.npmmirror.com/@vue/shared/download/@vue/shared-3.2.14.tgz",
					"integrity": "sha1-m4ggmKAEuZUSS3V3s1cTWmbZIu8="
				}
			}
		}
	}
}
